
Microsoft Visual Studio Solution File, Format Version 12.00
# Visual Studio Version 17
VisualStudioVersion = 17.3.32901.215
MinimumVisualStudioVersion = 10.0.40219.1
Project("{9A19103F-16F7-4668-BE54-9A1E7A4F7556}") = "CashRegister", "CashRegister\CashRegister.csproj", "{9AF9CDC6-3106-4763-AAA3-253F13ECD8A6}"
EndProject
Project("{FAE04EC0-301F-11D3-BF4B-00C04F79EFBC}") = "CashRegisterCore", "CashRegisterCore\CashRegisterCore.csproj", "{1A577F86-24EF-4ECB-B889-9A485425AADC}"
EndProject
Project("{FAE04EC0-301F-11D3-BF4B-00C04F79EFBC}") = "CashRegisterCoreTests", "CashRegisterCoreTests\CashRegisterCoreTests.csproj", "{7E637E27-A514-41FE-8BE9-4DF07C209314}"
EndProject
Global
	GlobalSection(SolutionConfigurationPlatforms) = preSolution
		Debug|Any CPU = Debug|Any CPU
		Release|Any CPU = Release|Any CPU
	EndGlobalSection
	GlobalSection(ProjectConfigurationPlatforms) = postSolution
		{9AF9CDC6-3106-4763-AAA3-253F13ECD8A6}.Debug|Any CPU.ActiveCfg = Debug|Any CPU
		{9AF9CDC6-3106-4763-AAA3-253F13ECD8A6}.Debug|Any CPU.Build.0 = Debug|Any CPU
		{9AF9CDC6-3106-4763-AAA3-253F13ECD8A6}.Release|Any CPU.ActiveCfg = Release|Any CPU
		{9AF9CDC6-3106-4763-AAA3-253F13ECD8A6}.Release|Any CPU.Build.0 = Release|Any CPU
		{1A577F86-24EF-4ECB-B889-9A485425AADC}.Debug|Any CPU.ActiveCfg = Debug|Any CPU
		{1A577F86-24EF-4ECB-B889-9A485425AADC}.Debug|Any CPU.Build.0 = Debug|Any CPU
		{1A577F86-24EF-4ECB-B889-9A485425AADC}.Release|Any CPU.ActiveCfg = Release|Any CPU
		{1A577F86-24EF-4ECB-B889-9A485425AADC}.Release|Any CPU.Build.0 = Release|Any CPU
		{7E637E27-A514-41FE-8BE9-4DF07C209314}.Debug|Any CPU.ActiveCfg = Debug|Any CPU
		{7E637E27-A514-41FE-8BE9-4DF07C209314}.Debug|Any CPU.Build.0 = Debug|Any CPU
		{7E637E27-A514-41FE-8BE9-4DF07C209314}.Release|Any CPU.ActiveCfg = Release|Any CPU
		{7E637E27-A514-41FE-8BE9-4DF07C209314}.Release|Any CPU.Build.0 = Release|Any CPU
	EndGlobalSection
	GlobalSection(SolutionProperties) = preSolution
		HideSolutionNode = FALSE
	EndGlobalSection
	GlobalSection(ExtensibilityGlobals) = postSolution
		SolutionGuid = {057E2D28-5DD3-40E1-96CA-6002EAB2B7F9}
	EndGlobalSection
EndGlobal
